
Microsoft Visual Studio Solution File, Format Version 12.00
# Visual Studio Version 17
VisualStudioVersion = 17.2.32526.322
MinimumVisualStudioVersion = 10.0.40219.1
Project("{FAE04EC0-301F-11D3-BF4B-00C04F79EFBC}") = "Brojac", "Brojac\Brojac.csproj", "{BDE2D9C9-0277-4CB5-9924-BC4483BBD23D}"
EndProject
Global
	GlobalSection(SolutionConfigurationPlatforms) = preSolution
		Debug|Any CPU = Debug|Any CPU
		Release|Any CPU = Release|Any CPU
	EndGlobalSection
	GlobalSection(ProjectConfigurationPlatforms) = postSolution
		{BDE2D9C9-0277-4CB5-9924-BC4483BBD23D}.Debug|Any CPU.ActiveCfg = Debug|Any CPU
		{BDE2D9C9-0277-4CB5-9924-BC4483BBD23D}.Debug|Any CPU.Build.0 = Debug|Any CPU
		{BDE2D9C9-0277-4CB5-9924-BC4483BBD23D}.Release|Any CPU.ActiveCfg = Release|Any CPU
		{BDE2D9C9-0277-4CB5-9924-BC4483BBD23D}.Release|Any CPU.Build.0 = Release|Any CPU
	EndGlobalSection
	GlobalSection(SolutionProperties) = preSolution
		HideSolutionNode = FALSE
	EndGlobalSection
	GlobalSection(ExtensibilityGlobals) = postSolution
		SolutionGuid = {66378015-FE9C-4DA0-B0C6-C05F44FDBC64}
	EndGlobalSection
EndGlobal
